
Microsoft Visual Studio Solution File, Format Version 12.00
# Visual Studio Version 17
VisualStudioVersion = 17.12.35527.113 d17.12
MinimumVisualStudioVersion = 10.0.40219.1
Project("{FAE04EC0-301F-11D3-BF4B-00C04F79EFBC}") = "Inheritance", "Inheritance\Inheritance.csproj", "{3475C7E0-62A4-4ABB-835B-2A77765DF02A}"
EndProject
Global
	GlobalSection(SolutionConfigurationPlatforms) = preSolution
		Debug|Any CPU = Debug|Any CPU
		Release|Any CPU = Release|Any CPU
	EndGlobalSection
	GlobalSection(ProjectConfigurationPlatforms) = postSolution
		{3475C7E0-62A4-4ABB-835B-2A77765DF02A}.Debug|Any CPU.ActiveCfg = Debug|Any CPU
		{3475C7E0-62A4-4ABB-835B-2A77765DF02A}.Debug|Any CPU.Build.0 = Debug|Any CPU
		{3475C7E0-62A4-4ABB-835B-2A77765DF02A}.Release|Any CPU.ActiveCfg = Release|Any CPU
		{3475C7E0-62A4-4ABB-835B-2A77765DF02A}.Release|Any CPU.Build.0 = Release|Any CPU
	EndGlobalSection
	GlobalSection(SolutionProperties) = preSolution
		HideSolutionNode = FALSE
	EndGlobalSection
EndGlobal
